
Microsoft Visual Studio Solution File, Format Version 12.00
# Visual Studio Version 17
VisualStudioVersion = 17.9.34728.123
MinimumVisualStudioVersion = 10.0.40219.1
Project("{8BC9CEB8-8B4A-11D0-8D11-00A0C91BC942}") = "Lab1", "Lab1\Lab1.vcxproj", "{FF5D85B2-23AA-4EB9-825D-A9468B2F1982}"
EndProject
Project("{8BC9CEB8-8B4A-11D0-8D11-00A0C91BC942}") = "Lab2", "Lab2\Lab2.vcxproj", "{4B9C34E8-3DA5-4786-89F5-16C7B2C874CA}"
EndProject
Project("{8BC9CEB8-8B4A-11D0-8D11-00A0C91BC942}") = "Lab3", "Lab3\Lab3.vcxproj", "{A898E2B7-0B5E-49EA-B629-350269242B3E}"
EndProject
Project("{8BC9CEB8-8B4A-11D0-8D11-00A0C91BC942}") = "Lab4", "Lab4\Lab4.vcxproj", "{D53BD7DB-0BAA-4C59-8203-57A3B0B1F901}"
EndProject
Project("{8BC9CEB8-8B4A-11D0-8D11-00A0C91BC942}") = "Lab5", "Lab5\Lab5.vcxproj", "{F8EB34D0-B26A-4E32-B5AC-3900448C6D34}"
EndProject
Project("{8BC9CEB8-8B4A-11D0-8D11-00A0C91BC942}") = "Lab6", "Lab6\Lab6.vcxproj", "{BB361DEA-E4CA-46CE-AD2A-0045A192EC13}"
EndProject
Project("{8BC9CEB8-8B4A-11D0-8D11-00A0C91BC942}") = "Lab7", "Lab7\Lab7.vcxproj", "{99C3B8F0-4869-4747-98F8-B9AE6CA1F1FE}"
EndProject
Project("{8BC9CEB8-8B4A-11D0-8D11-00A0C91BC942}") = "Lab8", "Lab8\Lab8.vcxproj", "{C4E30AD7-90D3-499C-831E-E1209103BA3E}"
EndProject
Project("{8BC9CEB8-8B4A-11D0-8D11-00A0C91BC942}") = "Lab9", "Lab9\Lab9.vcxproj", "{B6FEBDCB-D8EA-49E7-A457-058DBAA29CAC}"
EndProject
Global
	GlobalSection(SolutionConfigurationPlatforms) = preSolution
		Debug|x64 = Debug|x64
		Debug|x86 = Debug|x86
		Release|x64 = Release|x64
		Release|x86 = Release|x86
	EndGlobalSection
	GlobalSection(ProjectConfigurationPlatforms) = postSolution
		{FF5D85B2-23AA-4EB9-825D-A9468B2F1982}.Debug|x64.ActiveCfg = Debug|x64
		{FF5D85B2-23AA-4EB9-825D-A9468B2F1982}.Debug|x64.Build.0 = Debug|x64
		{FF5D85B2-23AA-4EB9-825D-A9468B2F1982}.Debug|x86.ActiveCfg = Debug|Win32
		{FF5D85B2-23AA-4EB9-825D-A9468B2F1982}.Debug|x86.Build.0 = Debug|Win32
		{FF5D85B2-23AA-4EB9-825D-A9468B2F1982}.Release|x64.ActiveCfg = Release|x64
		{FF5D85B2-23AA-4EB9-825D-A9468B2F1982}.Release|x64.Build.0 = Release|x64
		{FF5D85B2-23AA-4EB9-825D-A9468B2F1982}.Release|x86.ActiveCfg = Release|Win32
		{FF5D85B2-23AA-4EB9-825D-A9468B2F1982}.Release|x86.Build.0 = Release|Win32
		{4B9C34E8-3DA5-4786-89F5-16C7B2C874CA}.Debug|x64.ActiveCfg = Debug|x64
		{4B9C34E8-3DA5-4786-89F5-16C7B2C874CA}.Debug|x64.Build.0 = Debug|x64
		{4B9C34E8-3DA5-4786-89F5-16C7B2C874CA}.Debug|x86.ActiveCfg = Debug|Win32
		{4B9C34E8-3DA5-4786-89F5-16C7B2C874CA}.Debug|x86.Build.0 = Debug|Win32
		{4B9C34E8-3DA5-4786-89F5-16C7B2C874CA}.Release|x64.ActiveCfg = Release|x64
		{4B9C34E8-3DA5-4786-89F5-16C7B2C874CA}.Release|x64.Build.0 = Release|x64
		{4B9C34E8-3DA5-4786-89F5-16C7B2C874CA}.Release|x86.ActiveCfg = Release|Win32
		{4B9C34E8-3DA5-4786-89F5-16C7B2C874CA}.Release|x86.Build.0 = Release|Win32
		{A898E2B7-0B5E-49EA-B629-350269242B3E}.Debug|x64.ActiveCfg = Debug|x64
		{A898E2B7-0B5E-49EA-B629-350269242B3E}.Debug|x64.Build.0 = Debug|x64
		{A898E2B7-0B5E-49EA-B629-350269242B3E}.Debug|x86.ActiveCfg = Debug|Win32
		{A898E2B7-0B5E-49EA-B629-350269242B3E}.Debug|x86.Build.0 = Debug|Win32
		{A898E2B7-0B5E-49EA-B629-350269242B3E}.Release|x64.ActiveCfg = Release|x64
		{A898E2B7-0B5E-49EA-B629-350269242B3E}.Release|x64.Build.0 = Release|x64
		{A898E2B7-0B5E-49EA-B629-350269242B3E}.Release|x86.ActiveCfg = Release|Win32
		{A898E2B7-0B5E-49EA-B629-350269242B3E}.Release|x86.Build.0 = Release|Win32
		{D53BD7DB-0BAA-4C59-8203-57A3B0B1F901}.Debug|x64.ActiveCfg = Debug|x64
		{D53BD7DB-0BAA-4C59-8203-57A3B0B1F901}.Debug|x64.Build.0 = Debug|x64
		{D53BD7DB-0BAA-4C59-8203-57A3B0B1F901}.Debug|x86.ActiveCfg = Debug|Win32
		{D53BD7DB-0BAA-4C59-8203-57A3B0B1F901}.Debug|x86.Build.0 = Debug|Win32
		{D53BD7DB-0BAA-4C59-8203-57A3B0B1F901}.Release|x64.ActiveCfg = Release|x64
		{D53BD7DB-0BAA-4C59-8203-57A3B0B1F901}.Release|x64.Build.0 = Release|x64
		{D53BD7DB-0BAA-4C59-8203-57A3B0B1F901}.Release|x86.ActiveCfg = Release|Win32
		{D53BD7DB-0BAA-4C59-8203-57A3B0B1F901}.Release|x86.Build.0 = Release|Win32
		{F8EB34D0-B26A-4E32-B5AC-3900448C6D34}.Debug|x64.ActiveCfg = Debug|x64
		{F8EB34D0-B26A-4E32-B5AC-3900448C6D34}.Debug|x64.Build.0 = Debug|x64
		{F8EB34D0-B26A-4E32-B5AC-3900448C6D34}.Debug|x86.ActiveCfg = Debug|Win32
		{F8EB34D0-B26A-4E32-B5AC-3900448C6D34}.Debug|x86.Build.0 = Debug|Win32
		{F8EB34D0-B26A-4E32-B5AC-3900448C6D34}.Release|x64.ActiveCfg = Release|x64
		{F8EB34D0-B26A-4E32-B5AC-3900448C6D34}.Release|x64.Build.0 = Release|x64
		{F8EB34D0-B26A-4E32-B5AC-3900448C6D34}.Release|x86.ActiveCfg = Release|Win32
		{F8EB34D0-B26A-4E32-B5AC-3900448C6D34}.Release|x86.Build.0 = Release|Win32
		{BB361DEA-E4CA-46CE-AD2A-0045A192EC13}.Debug|x64.ActiveCfg = Debug|x64
		{BB361DEA-E4CA-46CE-AD2A-0045A192EC13}.Debug|x64.Build.0 = Debug|x64
		{BB361DEA-E4CA-46CE-AD2A-0045A192EC13}.Debug|x86.ActiveCfg = Debug|Win32
		{BB361DEA-E4CA-46CE-AD2A-0045A192EC13}.Debug|x86.Build.0 = Debug|Win32
		{BB361DEA-E4CA-46CE-AD2A-0045A192EC13}.Release|x64.ActiveCfg = Release|x64
		{BB361DEA-E4CA-46CE-AD2A-0045A192EC13}.Release|x64.Build.0 = Release|x64
		{BB361DEA-E4CA-46CE-AD2A-0045A192EC13}.Release|x86.ActiveCfg = Release|Win32
		{BB361DEA-E4CA-46CE-AD2A-0045A192EC13}.Release|x86.Build.0 = Release|Win32
		{99C3B8F0-4869-4747-98F8-B9AE6CA1F1FE}.Debug|x64.ActiveCfg = Debug|x64
		{99C3B8F0-4869-4747-98F8-B9AE6CA1F1FE}.Debug|x64.Build.0 = Debug|x64
		{99C3B8F0-4869-4747-98F8-B9AE6CA1F1FE}.Debug|x86.ActiveCfg = Debug|Win32
		{99C3B8F0-4869-4747-98F8-B9AE6CA1F1FE}.Debug|x86.Build.0 = Debug|Win32
		{99C3B8F0-4869-4747-98F8-B9AE6CA1F1FE}.Release|x64.ActiveCfg = Release|x64
		{99C3B8F0-4869-4747-98F8-B9AE6CA1F1FE}.Release|x64.Build.0 = Release|x64
		{99C3B8F0-4869-4747-98F8-B9AE6CA1F1FE}.Release|x86.ActiveCfg = Release|Win32
		{99C3B8F0-4869-4747-98F8-B9AE6CA1F1FE}.Release|x86.Build.0 = Release|Win32
		{C4E30AD7-90D3-499C-831E-E1209103BA3E}.Debug|x64.ActiveCfg = Debug|x64
		{C4E30AD7-90D3-499C-831E-E1209103BA3E}.Debug|x64.Build.0 = Debug|x64
		{C4E30AD7-90D3-499C-831E-E1209103BA3E}.Debug|x86.ActiveCfg = Debug|Win32
		{C4E30AD7-90D3-499C-831E-E1209103BA3E}.Debug|x86.Build.0 = Debug|Win32
		{C4E30AD7-90D3-499C-831E-E1209103BA3E}.Release|x64.ActiveCfg = Release|x64
		{C4E30AD7-90D3-499C-831E-E1209103BA3E}.Release|x64.Build.0 = Release|x64
		{C4E30AD7-90D3-499C-831E-E1209103BA3E}.Release|x86.ActiveCfg = Release|Win32
		{C4E30AD7-90D3-499C-831E-E1209103BA3E}.Release|x86.Build.0 = Release|Win32
		{B6FEBDCB-D8EA-49E7-A457-058DBAA29CAC}.Debug|x64.ActiveCfg = Debug|x64
		{B6FEBDCB-D8EA-49E7-A457-058DBAA29CAC}.Debug|x64.Build.0 = Debug|x64
		{B6FEBDCB-D8EA-49E7-A457-058DBAA29CAC}.Debug|x86.ActiveCfg = Debug|Win32
		{B6FEBDCB-D8EA-49E7-A457-058DBAA29CAC}.Debug|x86.Build.0 = Debug|Win32
		{B6FEBDCB-D8EA-49E7-A457-058DBAA29CAC}.Release|x64.ActiveCfg = Release|x64
		{B6FEBDCB-D8EA-49E7-A457-058DBAA29CAC}.Release|x64.Build.0 = Release|x64
		{B6FEBDCB-D8EA-49E7-A457-058DBAA29CAC}.Release|x86.ActiveCfg = Release|Win32
		{B6FEBDCB-D8EA-49E7-A457-058DBAA29CAC}.Release|x86.Build.0 = Release|Win32
	EndGlobalSection
	GlobalSection(SolutionProperties) = preSolution
		HideSolutionNode = FALSE
	EndGlobalSection
	GlobalSection(ExtensibilityGlobals) = postSolution
		SolutionGuid = {E827EC51-186A-4FF4-A7A3-C390906D421F}
	EndGlobalSection
EndGlobal
